// !$*UTF8*$!
{
	archiveVersion = 1;
	classes = {
	};
	objectVersion = 46;
	objects = {

/* Begin PBXBuildFile section */
		F3EC847B202133110088465A /* main.cpp in Sources */ = {isa = PBXBuildFile; fileRef = F3EC847A202133110088465A /* main.cpp */; };
		F3EC8484202140500088465A /* game.cpp in Sources */ = {isa = PBXBuildFile; fileRef = F3EC8482202140500088465A /* game.cpp */; };
		F3EC8488202153250088465A /* person.cpp in Sources */ = {isa = PBXBuildFile; fileRef = F3EC8487202153250088465A /* person.cpp */; };
		F3EC848B202157410088465A /* robot.cpp in Sources */ = {isa = PBXBuildFile; fileRef = F3EC848A202157410088465A /* robot.cpp */; };
/* End PBXBuildFile section */

/* Begin PBXCopyFilesBuildPhase section */
		F3EC8475202133110088465A /* CopyFiles */ = {
			isa = PBXCopyFilesBuildPhase;
			buildActionMask = 2147483647;
			dstPath = /usr/share/man/man1/;
			dstSubfolderSpec = 0;
			files = (
			);
			runOnlyForDeploymentPostprocessing = 1;
		};
/* End PBXCopyFilesBuildPhase section */

/* Begin PBXFileReference section */
		F3EC8477202133110088465A /* game1 */ = {isa = PBXFileReference; explicitFileType = "compiled.mach-o.executable"; includeInIndex = 0; path = game1; sourceTree = BUILT_PRODUCTS_DIR; };
		F3EC847A202133110088465A /* main.cpp */ = {isa = PBXFileReference; lastKnownFileType = sourcecode.cpp.cpp; path = main.cpp; sourceTree = "<group>"; };
		F3EC84812021401C0088465A /* game.h */ = {isa = PBXFileReference; lastKnownFileType = sourcecode.c.h; path = game.h; sourceTree = "<group>"; };
		F3EC8482202140500088465A /* game.cpp */ = {isa = PBXFileReference; fileEncoding = 4; lastKnownFileType = sourcecode.cpp.cpp; path = game.cpp; sourceTree = "<group>"; };
		F3EC8486202153130088465A /* person.h */ = {isa = PBXFileReference; lastKnownFileType = sourcecode.c.h; path = person.h; sourceTree = "<group>"; };
		F3EC8487202153250088465A /* person.cpp */ = {isa = PBXFileReference; fileEncoding = 4; lastKnownFileType = sourcecode.cpp.cpp; path = person.cpp; sourceTree = "<group>"; };
		F3EC848A202157410088465A /* robot.cpp */ = {isa = PBXFileReference; fileEncoding = 4; lastKnownFileType = sourcecode.cpp.cpp; path = robot.cpp; sourceTree = "<group>"; };
		F3EC848C2021574C0088465A /* robot.h */ = {isa = PBXFileReference; lastKnownFileType = sourcecode.c.h; path = robot.h; sourceTree = "<group>"; };
		F3EC848D202173EA0088465A /* resultNode.h */ = {isa = PBXFileReference; lastKnownFileType = sourcecode.c.h; path = resultNode.h; sourceTree = "<group>"; };
/* End PBXFileReference section */

/* Begin PBXFrameworksBuildPhase section */
		F3EC8474202133110088465A /* Frameworks */ = {
			isa = PBXFrameworksBuildPhase;
			buildActionMask = 2147483647;
			files = (
			);
			runOnlyForDeploymentPostprocessing = 0;
		};
/* End PBXFrameworksBuildPhase section */

/* Begin PBXGroup section */
		F3EC846E202133110088465A = {
			isa = PBXGroup;
			children = (
				F3EC8479202133110088465A /* game1 */,
				F3EC8478202133110088465A /* Products */,
			);
			sourceTree = "<group>";
		};
		F3EC8478202133110088465A /* Products */ = {
			isa = PBXGroup;
			children = (
				F3EC8477202133110088465A /* game1 */,
			);
			name = Products;
			sourceTree = "<group>";
		};
		F3EC8479202133110088465A /* game1 */ = {
			isa = PBXGroup;
			children = (
				F3EC847A202133110088465A /* main.cpp */,
				F3EC848D202173EA0088465A /* resultNode.h */,
				F3EC84812021401C0088465A /* game.h */,
				F3EC8482202140500088465A /* game.cpp */,
				F3EC8486202153130088465A /* person.h */,
				F3EC8487202153250088465A /* person.cpp */,
				F3EC848C2021574C0088465A /* robot.h */,
				F3EC848A202157410088465A /* robot.cpp */,
			);
			path = game1;
			sourceTree = "<group>";
		};
/* End PBXGroup section */

/* Begin PBXNativeTarget section */
		F3EC8476202133110088465A /* game1 */ = {
			isa = PBXNativeTarget;
			buildConfigurationList = F3EC847E202133110088465A /* Build configuration list for PBXNativeTarget "game1" */;
			buildPhases = (
				F3EC8473202133110088465A /* Sources */,
				F3EC8474202133110088465A /* Frameworks */,
				F3EC8475202133110088465A /* CopyFiles */,
			);
			buildRules = (
			);
			dependencies = (
			);
			name = game1;
			productName = game1;
			productReference = F3EC8477202133110088465A /* game1 */;
			productType = "com.apple.product-type.tool";
		};
/* End PBXNativeTarget section */

/* Begin PBXProject section */
		F3EC846F202133110088465A /* Project object */ = {
			isa = PBXProject;
			attributes = {
				LastUpgradeCheck = 0730;
				ORGANIZATIONNAME = "Abdulrahim Mansour";
				TargetAttributes = {
					F3EC8476202133110088465A = {
						CreatedOnToolsVersion = 7.3;
					};
				};
			};
			buildConfigurationList = F3EC8472202133110088465A /* Build configuration list for PBXProject "game1" */;
			compatibilityVersion = "Xcode 3.2";
			developmentRegion = English;
			hasScannedForEncodings = 0;
			knownRegions = (
				en,
			);
			mainGroup = F3EC846E202133110088465A;
			productRefGroup = F3EC8478202133110088465A /* Products */;
			projectDirPath = "";
			projectRoot = "";
			targets = (
				F3EC8476202133110088465A /* game1 */,
			);
		};
/* End PBXProject section */

/* Begin PBXSourcesBuildPhase section */
		F3EC8473202133110088465A /* Sources */ = {
			isa = PBXSourcesBuildPhase;
			buildActionMask = 2147483647;
			files = (
				F3EC848B202157410088465A /* robot.cpp in Sources */,
				F3EC8488202153250088465A /* person.cpp in Sources */,
				F3EC8484202140500088465A /* game.cpp in Sources */,
				F3EC847B202133110088465A /* main.cpp in Sources */,
			);
			runOnlyForDeploymentPostprocessing = 0;
		};
/* End PBXSourcesBuildPhase section */

/* Begin XCBuildConfiguration section */
		F3EC847C202133110088465A /* Debug */ = {
			isa = XCBuildConfiguration;
			buildSettings = {
				ALWAYS_SEARCH_USER_PATHS = NO;
				CLANG_ANALYZER_NONNULL = YES;
				CLANG_CXX_LANGUAGE_STANDARD = "gnu++0x";
				CLANG_CXX_LIBRARY = "libc++";
				CLANG_ENABLE_MODULES = YES;
				CLANG_ENABLE_OBJC_ARC = YES;
				CLANG_WARN_BOOL_CONVERSION = YES;
				CLANG_WARN_CONSTANT_CONVERSION = YES;
				CLANG_WARN_DIRECT_OBJC_ISA_USAGE = YES_ERROR;
				CLANG_WARN_EMPTY_BODY = YES;
				CLANG_WARN_ENUM_CONVERSION = YES;
				CLANG_WARN_INT_CONVERSION = YES;
				CLANG_WARN_OBJC_ROOT_CLASS = YES_ERROR;
				CLANG_WARN_UNREACHABLE_CODE = YES;
				CLANG_WARN__DUPLICATE_METHOD_MATCH = YES;
				CODE_SIGN_IDENTITY = "-";
				COPY_PHASE_STRIP = NO;
				DEBUG_INFORMATION_FORMAT = dwarf;
				ENABLE_STRICT_OBJC_MSGSEND = YES;
				ENABLE_TESTABILITY = YES;
				GCC_C_LANGUAGE_STANDARD = gnu99;
				GCC_DYNAMIC_NO_PIC = NO;
				GCC_NO_COMMON_BLOCKS = YES;
				GCC_OPTIMIZATION_LEVEL = 0;
				GCC_PREPROCESSOR_DEFINITIONS = (
					"DEBUG=1",
					"$(inherited)",
				);
				GCC_WARN_64_TO_32_BIT_CONVERSION = YES;
				GCC_WARN_ABOUT_RETURN_TYPE = YES_ERROR;
				GCC_WARN_UNDECLARED_SELECTOR = YES;
				GCC_WARN_UNINITIALIZED_AUTOS = YES_AGGRESSIVE;
				GCC_WARN_UNUSED_FUNCTION = YES;
				GCC_WARN_UNUSED_VARIABLE = YES;
				MACOSX_DEPLOYMENT_TARGET = 10.11;
				MTL_ENABLE_DEBUG_INFO = YES;
				ONLY_ACTIVE_ARCH = YES;
				SDKROOT = macosx;
			};
			name = Debug;
		};
		F3EC847D202133110088465A /* Release */ = {
			isa = XCBuildConfiguration;
			buildSettings = {
				ALWAYS_SEARCH_USER_PATHS = NO;
				CLANG_ANALYZER_NONNULL = YES;
				CLANG_CXX_LANGUAGE_STANDARD = "gnu++0x";
				CLANG_CXX_LIBRARY = "libc++";
				CLANG_ENABLE_MODULES = YES;
				CLANG_ENABLE_OBJC_ARC = YES;
				CLANG_WARN_BOOL_CONVERSION = YES;
				CLANG_WARN_CONSTANT_CONVERSION = YES;
				CLANG_WARN_DIRECT_OBJC_ISA_USAGE = YES_ERROR;
				CLANG_WARN_EMPTY_BODY = YES;
				CLANG_WARN_ENUM_CONVERSION = YES;
				CLANG_WARN_INT_CONVERSION = YES;
				CLANG_WARN_OBJC_ROOT_CLASS = YES_ERROR;
				CLANG_WARN_UNREACHABLE_CODE = YES;
				CLANG_WARN__DUPLICATE_METHOD_MATCH = YES;
				CODE_SIGN_IDENTITY = "-";
				COPY_PHASE_STRIP = NO;
				DEBUG_INFORMATION_FORMAT = "dwarf-with-dsym";
				ENABLE_NS_ASSERTIONS = NO;
				ENABLE_STRICT_OBJC_MSGSEND = YES;
				GCC_C_LANGUAGE_STANDARD = gnu99;
				GCC_NO_COMMON_BLOCKS = YES;
				GCC_WARN_64_TO_32_BIT_CONVERSION = YES;
				GCC_WARN_ABOUT_RETURN_TYPE = YES_ERROR;
				GCC_WARN_UNDECLARED_SELECTOR = YES;
				GCC_WARN_UNINITIALIZED_AUTOS = YES_AGGRESSIVE;
				GCC_WARN_UNUSED_FUNCTION = YES;
				GCC_WARN_UNUSED_VARIABLE = YES;
				MACOSX_DEPLOYMENT_TARGET = 10.11;
				MTL_ENABLE_DEBUG_INFO = NO;
				SDKROOT = macosx;
			};
			name = Release;
		};
		F3EC847F202133110088465A /* Debug */ = {
			isa = XCBuildConfiguration;
			buildSettings = {
				PRODUCT_NAME = "$(TARGET_NAME)";
			};
			name = Debug;
		};
		F3EC8480202133110088465A /* Release */ = {
			isa = XCBuildConfiguration;
			buildSettings = {
				PRODUCT_NAME = "$(TARGET_NAME)";
			};
			name = Release;
		};
/* End XCBuildConfiguration section */

/* Begin XCConfigurationList section */
		F3EC8472202133110088465A /* Build configuration list for PBXProject "game1" */ = {
			isa = XCConfigurationList;
			buildConfigurations = (
				F3EC847C202133110088465A /* Debug */,
				F3EC847D202133110088465A /* Release */,
			);
			defaultConfigurationIsVisible = 0;
			defaultConfigurationName = Release;
		};
		F3EC847E202133110088465A /* Build configuration list for PBXNativeTarget "game1" */ = {
			isa = XCConfigurationList;
			buildConfigurations = (
				F3EC847F202133110088465A /* Debug */,
				F3EC8480202133110088465A /* Release */,
			);
			defaultConfigurationIsVisible = 0;
		};
/* End XCConfigurationList section */
	};
	rootObject = F3EC846F202133110088465A /* Project object */;
}
